// !$*UTF8*$!
{
	archiveVersion = 1;
	classes = {
	};
	objectVersion = 46;
	objects = {

/* Begin PBXBuildFile section */
		DF4F19FB1AF57C980079AF39 /* AppDelegate.swift in Sources */ = {isa = PBXBuildFile; fileRef = DF4F19FA1AF57C980079AF39 /* AppDelegate.swift */; };
		DF4F19FD1AF57C980079AF39 /* ViewController.swift in Sources */ = {isa = PBXBuildFile; fileRef = DF4F19FC1AF57C980079AF39 /* ViewController.swift */; };
		DF4F1A001AF57C980079AF39 /* Main.storyboard in Resources */ = {isa = PBXBuildFile; fileRef = DF4F19FE1AF57C980079AF39 /* Main.storyboard */; };
		DF4F1A021AF57C980079AF39 /* Images.xcassets in Resources */ = {isa = PBXBuildFile; fileRef = DF4F1A011AF57C980079AF39 /* Images.xcassets */; };
		DF4F1A051AF57C980079AF39 /* LaunchScreen.xib in Resources */ = {isa = PBXBuildFile; fileRef = DF4F1A031AF57C980079AF39 /* LaunchScreen.xib */; };
		DF4F1A111AF57C990079AF39 /* CircularProgressViewTests.swift in Sources */ = {isa = PBXBuildFile; fileRef = DF4F1A101AF57C990079AF39 /* CircularProgressViewTests.swift */; };
		DFC2EE3E1AF8A4D90020A9A5 /* CircularProgressView.swift in Sources */ = {isa = PBXBuildFile; fileRef = DFC2EE3D1AF8A4D90020A9A5 /* CircularProgressView.swift */; };
/* End PBXBuildFile section */

/* Begin PBXContainerItemProxy section */
		DF4F1A0B1AF57C990079AF39 /* PBXContainerItemProxy */ = {
			isa = PBXContainerItemProxy;
			containerPortal = DF4F19ED1AF57C980079AF39 /* Project object */;
			proxyType = 1;
			remoteGlobalIDString = DF4F19F41AF57C980079AF39;
			remoteInfo = CircularProgressView;
		};
/* End PBXContainerItemProxy section */

/* Begin PBXFileReference section */
		DF4F19F51AF57C980079AF39 /* CircularProgressView.app */ = {isa = PBXFileReference; explicitFileType = wrapper.application; includeInIndex = 0; path = CircularProgressView.app; sourceTree = BUILT_PRODUCTS_DIR; };
		DF4F19F91AF57C980079AF39 /* Info.plist */ = {isa = PBXFileReference; lastKnownFileType = text.plist.xml; path = Info.plist; sourceTree = "<group>"; };
		DF4F19FA1AF57C980079AF39 /* AppDelegate.swift */ = {isa = PBXFileReference; lastKnownFileType = sourcecode.swift; path = AppDelegate.swift; sourceTree = "<group>"; };
		DF4F19FC1AF57C980079AF39 /* ViewController.swift */ = {isa = PBXFileReference; lastKnownFileType = sourcecode.swift; path = ViewController.swift; sourceTree = "<group>"; };
		DF4F19FF1AF57C980079AF39 /* Base */ = {isa = PBXFileReference; lastKnownFileType = file.storyboard; name = Base; path = Base.lproj/Main.storyboard; sourceTree = "<group>"; };
		DF4F1A011AF57C980079AF39 /* Images.xcassets */ = {isa = PBXFileReference; lastKnownFileType = folder.assetcatalog; path = Images.xcassets; sourceTree = "<group>"; };
		DF4F1A041AF57C980079AF39 /* Base */ = {isa = PBXFileReference; lastKnownFileType = file.xib; name = Base; path = Base.lproj/LaunchScreen.xib; sourceTree = "<group>"; };
		DF4F1A0A1AF57C990079AF39 /* CircularProgressViewTests.xctest */ = {isa = PBXFileReference; explicitFileType = wrapper.cfbundle; includeInIndex = 0; path = CircularProgressViewTests.xctest; sourceTree = BUILT_PRODUCTS_DIR; };
		DF4F1A0F1AF57C990079AF39 /* Info.plist */ = {isa = PBXFileReference; lastKnownFileType = text.plist.xml; path = Info.plist; sourceTree = "<group>"; };
		DF4F1A101AF57C990079AF39 /* CircularProgressViewTests.swift */ = {isa = PBXFileReference; lastKnownFileType = sourcecode.swift; path = CircularProgressViewTests.swift; sourceTree = "<group>"; };
		DFC2EE3D1AF8A4D90020A9A5 /* CircularProgressView.swift */ = {isa = PBXFileReference; fileEncoding = 4; lastKnownFileType = sourcecode.swift; path = CircularProgressView.swift; sourceTree = "<group>"; };
/* End PBXFileReference section */

/* Begin PBXFrameworksBuildPhase section */
		DF4F19F21AF57C980079AF39 /* Frameworks */ = {
			isa = PBXFrameworksBuildPhase;
			buildActionMask = 2147483647;
			files = (
			);
			runOnlyForDeploymentPostprocessing = 0;
		};
		DF4F1A071AF57C990079AF39 /* Frameworks */ = {
			isa = PBXFrameworksBuildPhase;
			buildActionMask = 2147483647;
			files = (
			);
			runOnlyForDeploymentPostprocessing = 0;
		};
/* End PBXFrameworksBuildPhase section */

/* Begin PBXGroup section */
		DF4F19EC1AF57C980079AF39 = {
			isa = PBXGroup;
			children = (
				DF4F19F71AF57C980079AF39 /* CircularProgressView */,
				DF4F1A0D1AF57C990079AF39 /* CircularProgressViewTests */,
				DF4F19F61AF57C980079AF39 /* Products */,
			);
			sourceTree = "<group>";
		};
		DF4F19F61AF57C980079AF39 /* Products */ = {
			isa = PBXGroup;
			children = (
				DF4F19F51AF57C980079AF39 /* CircularProgressView.app */,
				DF4F1A0A1AF57C990079AF39 /* CircularProgressViewTests.xctest */,
			);
			name = Products;
			sourceTree = "<group>";
		};
		DF4F19F71AF57C980079AF39 /* CircularProgressView */ = {
			isa = PBXGroup;
			children = (
				DF4F19FA1AF57C980079AF39 /* AppDelegate.swift */,
				DF4F19FC1AF57C980079AF39 /* ViewController.swift */,
				DFC2EE3D1AF8A4D90020A9A5 /* CircularProgressView.swift */,
				DF4F19FE1AF57C980079AF39 /* Main.storyboard */,
				DF4F1A011AF57C980079AF39 /* Images.xcassets */,
				DF4F1A031AF57C980079AF39 /* LaunchScreen.xib */,
				DF4F19F81AF57C980079AF39 /* Supporting Files */,
			);
			path = CircularProgressView;
			sourceTree = "<group>";
		};
		DF4F19F81AF57C980079AF39 /* Supporting Files */ = {
			isa = PBXGroup;
			children = (
				DF4F19F91AF57C980079AF39 /* Info.plist */,
			);
			name = "Supporting Files";
			sourceTree = "<group>";
		};
		DF4F1A0D1AF57C990079AF39 /* CircularProgressViewTests */ = {
			isa = PBXGroup;
			children = (
				DF4F1A101AF57C990079AF39 /* CircularProgressViewTests.swift */,
				DF4F1A0E1AF57C990079AF39 /* Supporting Files */,
			);
			path = CircularProgressViewTests;
			sourceTree = "<group>";
		};
		DF4F1A0E1AF57C990079AF39 /* Supporting Files */ = {
			isa = PBXGroup;
			children = (
				DF4F1A0F1AF57C990079AF39 /* Info.plist */,
			);
			name = "Supporting Files";
			sourceTree = "<group>";
		};
/* End PBXGroup section */

/* Begin PBXNativeTarget section */
		DF4F19F41AF57C980079AF39 /* CircularProgressView */ = {
			isa = PBXNativeTarget;
			buildConfigurationList = DF4F1A141AF57C990079AF39 /* Build configuration list for PBXNativeTarget "CircularProgressView" */;
			buildPhases = (
				DF4F19F11AF57C980079AF39 /* Sources */,
				DF4F19F21AF57C980079AF39 /* Frameworks */,
				DF4F19F31AF57C980079AF39 /* Resources */,
			);
			buildRules = (
			);
			dependencies = (
			);
			name = CircularProgressView;
			productName = CircularProgressView;
			productReference = DF4F19F51AF57C980079AF39 /* CircularProgressView.app */;
			productType = "com.apple.product-type.application";
		};
		DF4F1A091AF57C990079AF39 /* CircularProgressViewTests */ = {
			isa = PBXNativeTarget;
			buildConfigurationList = DF4F1A171AF57C990079AF39 /* Build configuration list for PBXNativeTarget "CircularProgressViewTests" */;
			buildPhases = (
				DF4F1A061AF57C990079AF39 /* Sources */,
				DF4F1A071AF57C990079AF39 /* Frameworks */,
				DF4F1A081AF57C990079AF39 /* Resources */,
			);
			buildRules = (
			);
			dependencies = (
				DF4F1A0C1AF57C990079AF39 /* PBXTargetDependency */,
			);
			name = CircularProgressViewTests;
			productName = CircularProgressViewTests;
			productReference = DF4F1A0A1AF57C990079AF39 /* CircularProgressViewTests.xctest */;
			productType = "com.apple.product-type.bundle.unit-test";
		};
/* End PBXNativeTarget section */

/* Begin PBXProject section */
		DF4F19ED1AF57C980079AF39 /* Project object */ = {
			isa = PBXProject;
			attributes = {
				LastUpgradeCheck = 0630;
				ORGANIZATIONNAME = "Joe Christopher Paul Amanse";
				TargetAttributes = {
					DF4F19F41AF57C980079AF39 = {
						CreatedOnToolsVersion = 6.3.1;
					};
					DF4F1A091AF57C990079AF39 = {
						CreatedOnToolsVersion = 6.3.1;
						TestTargetID = DF4F19F41AF57C980079AF39;
					};
				};
			};
			buildConfigurationList = DF4F19F01AF57C980079AF39 /* Build configuration list for PBXProject "CircularProgressView" */;
			compatibilityVersion = "Xcode 3.2";
			developmentRegion = English;
			hasScannedForEncodings = 0;
			knownRegions = (
				en,
				Base,
			);
			mainGroup = DF4F19EC1AF57C980079AF39;
			productRefGroup = DF4F19F61AF57C980079AF39 /* Products */;
			projectDirPath = "";
			projectRoot = "";
			targets = (
				DF4F19F41AF57C980079AF39 /* CircularProgressView */,
				DF4F1A091AF57C990079AF39 /* CircularProgressViewTests */,
			);
		};
/* End PBXProject section */

/* Begin PBXResourcesBuildPhase section */
		DF4F19F31AF57C980079AF39 /* Resources */ = {
			isa = PBXResourcesBuildPhase;
			buildActionMask = 2147483647;
			files = (
				DF4F1A001AF57C980079AF39 /* Main.storyboard in Resources */,
				DF4F1A051AF57C980079AF39 /* LaunchScreen.xib in Resources */,
				DF4F1A021AF57C980079AF39 /* Images.xcassets in Resources */,
			);
			runOnlyForDeploymentPostprocessing = 0;
		};
		DF4F1A081AF57C990079AF39 /* Resources */ = {
			isa = PBXResourcesBuildPhase;
			buildActionMask = 2147483647;
			files = (
			);
			runOnlyForDeploymentPostprocessing = 0;
		};
/* End PBXResourcesBuildPhase section */

/* Begin PBXSourcesBuildPhase section */
		DF4F19F11AF57C980079AF39 /* Sources */ = {
			isa = PBXSourcesBuildPhase;
			buildActionMask = 2147483647;
			files = (
				DF4F19FD1AF57C980079AF39 /* ViewController.swift in Sources */,
				DFC2EE3E1AF8A4D90020A9A5 /* CircularProgressView.swift in Sources */,
				DF4F19FB1AF57C980079AF39 /* AppDelegate.swift in Sources */,
			);
			runOnlyForDeploymentPostprocessing = 0;
		};
		DF4F1A061AF57C990079AF39 /* Sources */ = {
			isa = PBXSourcesBuildPhase;
			buildActionMask = 2147483647;
			files = (
				DF4F1A111AF57C990079AF39 /* CircularProgressViewTests.swift in Sources */,
			);
			runOnlyForDeploymentPostprocessing = 0;
		};
/* End PBXSourcesBuildPhase section */

/* Begin PBXTargetDependency section */
		DF4F1A0C1AF57C990079AF39 /* PBXTargetDependency */ = {
			isa = PBXTargetDependency;
			target = DF4F19F41AF57C980079AF39 /* CircularProgressView */;
			targetProxy = DF4F1A0B1AF57C990079AF39 /* PBXContainerItemProxy */;
		};
/* End PBXTargetDependency section */

/* Begin PBXVariantGroup section */
		DF4F19FE1AF57C980079AF39 /* Main.storyboard */ = {
			isa = PBXVariantGroup;
			children = (
				DF4F19FF1AF57C980079AF39 /* Base */,
			);
			name = Main.storyboard;
			sourceTree = "<group>";
		};
		DF4F1A031AF57C980079AF39 /* LaunchScreen.xib */ = {
			isa = PBXVariantGroup;
			children = (
				DF4F1A041AF57C980079AF39 /* Base */,
			);
			name = LaunchScreen.xib;
			sourceTree = "<group>";
		};
/* End PBXVariantGroup section */

/* Begin XCBuildConfiguration section */
		DF4F1A121AF57C990079AF39 /* Debug */ = {
			isa = XCBuildConfiguration;
			buildSettings = {
				ALWAYS_SEARCH_USER_PATHS = NO;
				CLANG_CXX_LANGUAGE_STANDARD = "gnu++0x";
				CLANG_CXX_LIBRARY = "libc++";
				CLANG_ENABLE_MODULES = YES;
				CLANG_ENABLE_OBJC_ARC = YES;
				CLANG_WARN_BOOL_CONVERSION = YES;
				CLANG_WARN_CONSTANT_CONVERSION = YES;
				CLANG_WARN_DIRECT_OBJC_ISA_USAGE = YES_ERROR;
				CLANG_WARN_EMPTY_BODY = YES;
				CLANG_WARN_ENUM_CONVERSION = YES;
				CLANG_WARN_INT_CONVERSION = YES;
				CLANG_WARN_OBJC_ROOT_CLASS = YES_ERROR;
				CLANG_WARN_UNREACHABLE_CODE = YES;
				CLANG_WARN__DUPLICATE_METHOD_MATCH = YES;
				"CODE_SIGN_IDENTITY[sdk=iphoneos*]" = "iPhone Developer";
				COPY_PHASE_STRIP = NO;
				DEBUG_INFORMATION_FORMAT = "dwarf-with-dsym";
				ENABLE_STRICT_OBJC_MSGSEND = YES;
				GCC_C_LANGUAGE_STANDARD = gnu99;
				GCC_DYNAMIC_NO_PIC = NO;
				GCC_NO_COMMON_BLOCKS = YES;
				GCC_OPTIMIZATION_LEVEL = 0;
				GCC_PREPROCESSOR_DEFINITIONS = (
					"DEBUG=1",
					"$(inherited)",
				);
				GCC_SYMBOLS_PRIVATE_EXTERN = NO;
				GCC_WARN_64_TO_32_BIT_CONVERSION = YES;
				GCC_WARN_ABOUT_RETURN_TYPE = YES_ERROR;
				GCC_WARN_UNDECLARED_SELECTOR = YES;
				GCC_WARN_UNINITIALIZED_AUTOS = YES_AGGRESSIVE;
				GCC_WARN_UNUSED_FUNCTION = YES;
				GCC_WARN_UNUSED_VARIABLE = YES;
				IPHONEOS_DEPLOYMENT_TARGET = 8.3;
				MTL_ENABLE_DEBUG_INFO = YES;
				ONLY_ACTIVE_ARCH = YES;
				SDKROOT = iphoneos;
				SWIFT_OPTIMIZATION_LEVEL = "-Onone";
				TARGETED_DEVICE_FAMILY = "1,2";
			};
			name = Debug;
		};
		DF4F1A131AF57C990079AF39 /* Release */ = {
			isa = XCBuildConfiguration;
			buildSettings = {
				ALWAYS_SEARCH_USER_PATHS = NO;
				CLANG_CXX_LANGUAGE_STANDARD = "gnu++0x";
				CLANG_CXX_LIBRARY = "libc++";
				CLANG_ENABLE_MODULES = YES;
				CLANG_ENABLE_OBJC_ARC = YES;
				CLANG_WARN_BOOL_CONVERSION = YES;
				CLANG_WARN_CONSTANT_CONVERSION = YES;
				CLANG_WARN_DIRECT_OBJC_ISA_USAGE = YES_ERROR;
				CLANG_WARN_EMPTY_BODY = YES;
				CLANG_WARN_ENUM_CONVERSION = YES;
				CLANG_WARN_INT_CONVERSION = YES;
				CLANG_WARN_OBJC_ROOT_CLASS = YES_ERROR;
				CLANG_WARN_UNREACHABLE_CODE = YES;
				CLANG_WARN__DUPLICATE_METHOD_MATCH = YES;
				"CODE_SIGN_IDENTITY[sdk=iphoneos*]" = "iPhone Developer";
				COPY_PHASE_STRIP = NO;
				DEBUG_INFORMATION_FORMAT = "dwarf-with-dsym";
				ENABLE_NS_ASSERTIONS = NO;
				ENABLE_STRICT_OBJC_MSGSEND = YES;
				GCC_C_LANGUAGE_STANDARD = gnu99;
				GCC_NO_COMMON_BLOCKS = YES;
				GCC_WARN_64_TO_32_BIT_CONVERSION = YES;
				GCC_WARN_ABOUT_RETURN_TYPE = YES_ERROR;
				GCC_WARN_UNDECLARED_SELECTOR = YES;
				GCC_WARN_UNINITIALIZED_AUTOS = YES_AGGRESSIVE;
				GCC_WARN_UNUSED_FUNCTION = YES;
				GCC_WARN_UNUSED_VARIABLE = YES;
				IPHONEOS_DEPLOYMENT_TARGET = 8.3;
				MTL_ENABLE_DEBUG_INFO = NO;
				SDKROOT = iphoneos;
				TARGETED_DEVICE_FAMILY = "1,2";
				VALIDATE_PRODUCT = YES;
			};
			name = Release;
		};
		DF4F1A151AF57C990079AF39 /* Debug */ = {
			isa = XCBuildConfiguration;
			buildSettings = {
				ASSETCATALOG_COMPILER_APPICON_NAME = AppIcon;
				INFOPLIST_FILE = CircularProgressView/Info.plist;
				LD_RUNPATH_SEARCH_PATHS = "$(inherited) @executable_path/Frameworks";
				PRODUCT_NAME = "$(TARGET_NAME)";
			};
			name = Debug;
		};
		DF4F1A161AF57C990079AF39 /* Release */ = {
			isa = XCBuildConfiguration;
			buildSettings = {
				ASSETCATALOG_COMPILER_APPICON_NAME = AppIcon;
				INFOPLIST_FILE = CircularProgressView/Info.plist;
				LD_RUNPATH_SEARCH_PATHS = "$(inherited) @executable_path/Frameworks";
				PRODUCT_NAME = "$(TARGET_NAME)";
			};
			name = Release;
		};
		DF4F1A181AF57C990079AF39 /* Debug */ = {
			isa = XCBuildConfiguration;
			buildSettings = {
				BUNDLE_LOADER = "$(TEST_HOST)";
				FRAMEWORK_SEARCH_PATHS = (
					"$(SDKROOT)/Developer/Library/Frameworks",
					"$(inherited)",
				);
				GCC_PREPROCESSOR_DEFINITIONS = (
					"DEBUG=1",
					"$(inherited)",
				);
				INFOPLIST_FILE = CircularProgressViewTests/Info.plist;
				LD_RUNPATH_SEARCH_PATHS = "$(inherited) @executable_path/Frameworks @loader_path/Frameworks";
				PRODUCT_NAME = "$(TARGET_NAME)";
				TEST_HOST = "$(BUILT_PRODUCTS_DIR)/CircularProgressView.app/CircularProgressView";
			};
			name = Debug;
		};
		DF4F1A191AF57C990079AF39 /* Release */ = {
			isa = XCBuildConfiguration;
			buildSettings = {
				BUNDLE_LOADER = "$(TEST_HOST)";
				FRAMEWORK_SEARCH_PATHS = (
					"$(SDKROOT)/Developer/Library/Frameworks",
					"$(inherited)",
				);
				INFOPLIST_FILE = CircularProgressViewTests/Info.plist;
				LD_RUNPATH_SEARCH_PATHS = "$(inherited) @executable_path/Frameworks @loader_path/Frameworks";
				PRODUCT_NAME = "$(TARGET_NAME)";
				TEST_HOST = "$(BUILT_PRODUCTS_DIR)/CircularProgressView.app/CircularProgressView";
			};
			name = Release;
		};
/* End XCBuildConfiguration section */

/* Begin XCConfigurationList section */
		DF4F19F01AF57C980079AF39 /* Build configuration list for PBXProject "CircularProgressView" */ = {
			isa = XCConfigurationList;
			buildConfigurations = (
				DF4F1A121AF57C990079AF39 /* Debug */,
				DF4F1A131AF57C990079AF39 /* Release */,
			);
			defaultConfigurationIsVisible = 0;
			defaultConfigurationName = Release;
		};
		DF4F1A141AF57C990079AF39 /* Build configuration list for PBXNativeTarget "CircularProgressView" */ = {
			isa = XCConfigurationList;
			buildConfigurations = (
				DF4F1A151AF57C990079AF39 /* Debug */,
				DF4F1A161AF57C990079AF39 /* Release */,
			);
			defaultConfigurationIsVisible = 0;
			defaultConfigurationName = Release;
		};
		DF4F1A171AF57C990079AF39 /* Build configuration list for PBXNativeTarget "CircularProgressViewTests" */ = {
			isa = XCConfigurationList;
			buildConfigurations = (
				DF4F1A181AF57C990079AF39 /* Debug */,
				DF4F1A191AF57C990079AF39 /* Release */,
			);
			defaultConfigurationIsVisible = 0;
			defaultConfigurationName = Release;
		};
/* End XCConfigurationList section */
	};
	rootObject = DF4F19ED1AF57C980079AF39 /* Project object */;
}
